
Microsoft Visual Studio Solution File, Format Version 12.00
# Visual Studio Version 17
VisualStudioVersion = 17.7.34031.279
MinimumVisualStudioVersion = 10.0.40219.1
Project("{FAE04EC0-301F-11D3-BF4B-00C04F79EFBC}") = "BlazorServerTemplate", "BlazorServerTemplate\BlazorServerTemplate.csproj", "{15C53584-FB38-415B-9F3D-3F0433D5BF5B}"
EndProject
Project("{FAE04EC0-301F-11D3-BF4B-00C04F79EFBC}") = "Application", "Application\Application.csproj", "{936F6206-6DB8-49A5-9981-4AC829C2DF31}"
EndProject
Project("{FAE04EC0-301F-11D3-BF4B-00C04F79EFBC}") = "Shared", "Shared\Shared.csproj", "{F9D63C12-45A8-4812-ACC4-6607F6C49BB0}"
EndProject
Global
	GlobalSection(SolutionConfigurationPlatforms) = preSolution
		Debug|Any CPU = Debug|Any CPU
		Release|Any CPU = Release|Any CPU
	EndGlobalSection
	GlobalSection(ProjectConfigurationPlatforms) = postSolution
		{15C53584-FB38-415B-9F3D-3F0433D5BF5B}.Debug|Any CPU.ActiveCfg = Debug|Any CPU
		{15C53584-FB38-415B-9F3D-3F0433D5BF5B}.Debug|Any CPU.Build.0 = Debug|Any CPU
		{15C53584-FB38-415B-9F3D-3F0433D5BF5B}.Release|Any CPU.ActiveCfg = Release|Any CPU
		{15C53584-FB38-415B-9F3D-3F0433D5BF5B}.Release|Any CPU.Build.0 = Release|Any CPU
		{936F6206-6DB8-49A5-9981-4AC829C2DF31}.Debug|Any CPU.ActiveCfg = Debug|Any CPU
		{936F6206-6DB8-49A5-9981-4AC829C2DF31}.Debug|Any CPU.Build.0 = Debug|Any CPU
		{936F6206-6DB8-49A5-9981-4AC829C2DF31}.Release|Any CPU.ActiveCfg = Release|Any CPU
		{936F6206-6DB8-49A5-9981-4AC829C2DF31}.Release|Any CPU.Build.0 = Release|Any CPU
		{F9D63C12-45A8-4812-ACC4-6607F6C49BB0}.Debug|Any CPU.ActiveCfg = Debug|Any CPU
		{F9D63C12-45A8-4812-ACC4-6607F6C49BB0}.Debug|Any CPU.Build.0 = Debug|Any CPU
		{F9D63C12-45A8-4812-ACC4-6607F6C49BB0}.Release|Any CPU.ActiveCfg = Release|Any CPU
		{F9D63C12-45A8-4812-ACC4-6607F6C49BB0}.Release|Any CPU.Build.0 = Release|Any CPU
	EndGlobalSection
	GlobalSection(SolutionProperties) = preSolution
		HideSolutionNode = FALSE
	EndGlobalSection
	GlobalSection(ExtensibilityGlobals) = postSolution
		SolutionGuid = {D29BA12D-3D91-4D67-B344-29810B314E8B}
	EndGlobalSection
EndGlobal
